
Microsoft Visual Studio Solution File, Format Version 12.00
# Visual Studio 14
VisualStudioVersion = 14.0.24720.0
MinimumVisualStudioVersion = 10.0.40219.1
Project("{8BC9CEB8-8B4A-11D0-8D11-00A0C91BC942}") = "CreateFileLink", "CreateFileLink\CreateFileLink.vcxproj", "{C2BE0CCA-6B76-4C9C-9068-7F23AF4FF403}"
EndProject
Project("{8BC9CEB8-8B4A-11D0-8D11-00A0C91BC942}") = "CreateProcessLink", "CreateProcessLink\CreateProcessLink.vcxproj", "{9A5F08EF-A263-4C22-B2F6-10E021AD2A17}"
EndProject
Project("{8BC9CEB8-8B4A-11D0-8D11-00A0C91BC942}") = "Server", "Server\Server.vcxproj", "{DDC49942-ACEC-4D80-A790-9D3630134351}"
EndProject
Project("{8BC9CEB8-8B4A-11D0-8D11-00A0C91BC942}") = "Trampoline", "Trampoline\Trampoline.vcxproj", "{E55485CE-5E07-4A19-B5DC-FE8570BC303F}"
EndProject
Project("{2150E333-8FDC-42A3-9474-1A3956D46DE8}") = "Modules", "Modules", "{937ACC39-47AE-4F11-9D77-8FC80362AB85}"
EndProject
Project("{2150E333-8FDC-42A3-9474-1A3956D46DE8}") = "Links", "Links", "{24A4CD09-A1D8-4F7B-B8F5-8C8832CCDEFB}"
EndProject
Project("{2150E333-8FDC-42A3-9474-1A3956D46DE8}") = "Apps", "Apps", "{DF3C13F6-4E9C-43DC-82FE-62521F5ACEBD}"
EndProject
Project("{8BC9CEB8-8B4A-11D0-8D11-00A0C91BC942}") = "Copy", "Copy\Copy.vcxproj", "{3A42F0E1-0C4A-403F-BDCA-5222000058B5}"
EndProject
Project("{8BC9CEB8-8B4A-11D0-8D11-00A0C91BC942}") = "Syringe", "Syringe\Syringe.vcxproj", "{FB3982F2-A93D-4923-AA31-77D5B9E2DD8E}"
EndProject
Project("{8BC9CEB8-8B4A-11D0-8D11-00A0C91BC942}") = "Engine", "Engine\Engine.vcxproj", "{64CFB94D-E856-4A46-A96B-E098AF768592}"
EndProject
Project("{54435603-DBB4-11D2-8724-00A0C9A8B90C}") = "Setup", "Setup\Setup.vdproj", "{206C723D-B33C-48F2-AE1C-C50203810B44}"
EndProject
Project("{2150E333-8FDC-42A3-9474-1A3956D46DE8}") = "GUIs", "GUIs", "{52BDB144-2D74-4178-AECD-2620A351B90C}"
EndProject
Project("{FAE04EC0-301F-11D3-BF4B-00C04F79EFBC}") = "UserMessage", "UserMessage\UserMessage.csproj", "{F323FE04-9C54-4489-AA19-26A59EEAD07A}"
EndProject
Project("{FAE04EC0-301F-11D3-BF4B-00C04F79EFBC}") = "ServerController", "ServerController\ServerController.csproj", "{1A3B0AE7-9CAE-43E6-BCB8-532FEEB2C42D}"
EndProject
Project("{8BC9CEB8-8B4A-11D0-8D11-00A0C91BC942}") = "Client", "Client\Client.vcxproj", "{CA817875-B824-432F-95A9-99A36DBD672D}"
EndProject
Global
	GlobalSection(SolutionConfigurationPlatforms) = preSolution
		Debug|Any CPU = Debug|Any CPU
		Debug|Win32 = Debug|Win32
		Debug|x64 = Debug|x64
		Debug|x86 = Debug|x86
		Release|Any CPU = Release|Any CPU
		Release|Win32 = Release|Win32
		Release|x64 = Release|x64
		Release|x86 = Release|x86
	EndGlobalSection
	GlobalSection(ProjectConfigurationPlatforms) = postSolution
		{C2BE0CCA-6B76-4C9C-9068-7F23AF4FF403}.Debug|Any CPU.ActiveCfg = Debug|Win32
		{C2BE0CCA-6B76-4C9C-9068-7F23AF4FF403}.Debug|Win32.ActiveCfg = Debug|Win32
		{C2BE0CCA-6B76-4C9C-9068-7F23AF4FF403}.Debug|Win32.Build.0 = Debug|Win32
		{C2BE0CCA-6B76-4C9C-9068-7F23AF4FF403}.Debug|x64.ActiveCfg = Debug|Win32
		{C2BE0CCA-6B76-4C9C-9068-7F23AF4FF403}.Debug|x86.ActiveCfg = Debug|Win32
		{C2BE0CCA-6B76-4C9C-9068-7F23AF4FF403}.Debug|x86.Build.0 = Debug|Win32
		{C2BE0CCA-6B76-4C9C-9068-7F23AF4FF403}.Release|Any CPU.ActiveCfg = Release|Win32
		{C2BE0CCA-6B76-4C9C-9068-7F23AF4FF403}.Release|Win32.ActiveCfg = Release|Win32
		{C2BE0CCA-6B76-4C9C-9068-7F23AF4FF403}.Release|Win32.Build.0 = Release|Win32
		{C2BE0CCA-6B76-4C9C-9068-7F23AF4FF403}.Release|x64.ActiveCfg = Release|Win32
		{C2BE0CCA-6B76-4C9C-9068-7F23AF4FF403}.Release|x86.ActiveCfg = Release|Win32
		{C2BE0CCA-6B76-4C9C-9068-7F23AF4FF403}.Release|x86.Build.0 = Release|Win32
		{9A5F08EF-A263-4C22-B2F6-10E021AD2A17}.Debug|Any CPU.ActiveCfg = Debug|Win32
		{9A5F08EF-A263-4C22-B2F6-10E021AD2A17}.Debug|Win32.ActiveCfg = Debug|Win32
		{9A5F08EF-A263-4C22-B2F6-10E021AD2A17}.Debug|Win32.Build.0 = Debug|Win32
		{9A5F08EF-A263-4C22-B2F6-10E021AD2A17}.Debug|x64.ActiveCfg = Debug|Win32
		{9A5F08EF-A263-4C22-B2F6-10E021AD2A17}.Debug|x86.ActiveCfg = Debug|Win32
		{9A5F08EF-A263-4C22-B2F6-10E021AD2A17}.Debug|x86.Build.0 = Debug|Win32
		{9A5F08EF-A263-4C22-B2F6-10E021AD2A17}.Release|Any CPU.ActiveCfg = Release|Win32
		{9A5F08EF-A263-4C22-B2F6-10E021AD2A17}.Release|Win32.ActiveCfg = Release|Win32
		{9A5F08EF-A263-4C22-B2F6-10E021AD2A17}.Release|Win32.Build.0 = Release|Win32
		{9A5F08EF-A263-4C22-B2F6-10E021AD2A17}.Release|x64.ActiveCfg = Release|Win32
		{9A5F08EF-A263-4C22-B2F6-10E021AD2A17}.Release|x86.ActiveCfg = Release|Win32
		{9A5F08EF-A263-4C22-B2F6-10E021AD2A17}.Release|x86.Build.0 = Release|Win32
		{DDC49942-ACEC-4D80-A790-9D3630134351}.Debug|Any CPU.ActiveCfg = Debug|Win32
		{DDC49942-ACEC-4D80-A790-9D3630134351}.Debug|Win32.ActiveCfg = Debug|Win32
		{DDC49942-ACEC-4D80-A790-9D3630134351}.Debug|Win32.Build.0 = Debug|Win32
		{DDC49942-ACEC-4D80-A790-9D3630134351}.Debug|x64.ActiveCfg = Debug|Win32
		{DDC49942-ACEC-4D80-A790-9D3630134351}.Debug|x86.ActiveCfg = Debug|Win32
		{DDC49942-ACEC-4D80-A790-9D3630134351}.Debug|x86.Build.0 = Debug|Win32
		{DDC49942-ACEC-4D80-A790-9D3630134351}.Release|Any CPU.ActiveCfg = Release|Win32
		{DDC49942-ACEC-4D80-A790-9D3630134351}.Release|Win32.ActiveCfg = Release|Win32
		{DDC49942-ACEC-4D80-A790-9D3630134351}.Release|Win32.Build.0 = Release|Win32
		{DDC49942-ACEC-4D80-A790-9D3630134351}.Release|x64.ActiveCfg = Release|Win32
		{DDC49942-ACEC-4D80-A790-9D3630134351}.Release|x86.ActiveCfg = Release|Win32
		{DDC49942-ACEC-4D80-A790-9D3630134351}.Release|x86.Build.0 = Release|Win32
		{E55485CE-5E07-4A19-B5DC-FE8570BC303F}.Debug|Any CPU.ActiveCfg = Debug|Win32
		{E55485CE-5E07-4A19-B5DC-FE8570BC303F}.Debug|Win32.ActiveCfg = Debug|Win32
		{E55485CE-5E07-4A19-B5DC-FE8570BC303F}.Debug|Win32.Build.0 = Debug|Win32
		{E55485CE-5E07-4A19-B5DC-FE8570BC303F}.Debug|x64.ActiveCfg = Debug|Win32
		{E55485CE-5E07-4A19-B5DC-FE8570BC303F}.Debug|x86.ActiveCfg = Debug|Win32
		{E55485CE-5E07-4A19-B5DC-FE8570BC303F}.Debug|x86.Build.0 = Debug|Win32
		{E55485CE-5E07-4A19-B5DC-FE8570BC303F}.Release|Any CPU.ActiveCfg = Release|Win32
		{E55485CE-5E07-4A19-B5DC-FE8570BC303F}.Release|Win32.ActiveCfg = Release|Win32
		{E55485CE-5E07-4A19-B5DC-FE8570BC303F}.Release|Win32.Build.0 = Release|Win32
		{E55485CE-5E07-4A19-B5DC-FE8570BC303F}.Release|x64.ActiveCfg = Release|Win32
		{E55485CE-5E07-4A19-B5DC-FE8570BC303F}.Release|x86.ActiveCfg = Release|Win32
		{E55485CE-5E07-4A19-B5DC-FE8570BC303F}.Release|x86.Build.0 = Release|Win32
		{3A42F0E1-0C4A-403F-BDCA-5222000058B5}.Debug|Any CPU.ActiveCfg = Debug|Win32
		{3A42F0E1-0C4A-403F-BDCA-5222000058B5}.Debug|Win32.ActiveCfg = Debug|Win32
		{3A42F0E1-0C4A-403F-BDCA-5222000058B5}.Debug|Win32.Build.0 = Debug|Win32
		{3A42F0E1-0C4A-403F-BDCA-5222000058B5}.Debug|x64.ActiveCfg = Debug|Win32
		{3A42F0E1-0C4A-403F-BDCA-5222000058B5}.Debug|x86.ActiveCfg = Debug|Win32
		{3A42F0E1-0C4A-403F-BDCA-5222000058B5}.Release|Any CPU.ActiveCfg = Release|Win32
		{3A42F0E1-0C4A-403F-BDCA-5222000058B5}.Release|Win32.ActiveCfg = Release|Win32
		{3A42F0E1-0C4A-403F-BDCA-5222000058B5}.Release|Win32.Build.0 = Release|Win32
		{3A42F0E1-0C4A-403F-BDCA-5222000058B5}.Release|x64.ActiveCfg = Release|Win32
		{3A42F0E1-0C4A-403F-BDCA-5222000058B5}.Release|x86.ActiveCfg = Release|Win32
		{3A42F0E1-0C4A-403F-BDCA-5222000058B5}.Release|x86.Build.0 = Release|Win32
		{FB3982F2-A93D-4923-AA31-77D5B9E2DD8E}.Debug|Any CPU.ActiveCfg = Debug|Win32
		{FB3982F2-A93D-4923-AA31-77D5B9E2DD8E}.Debug|Win32.ActiveCfg = Debug|Win32
		{FB3982F2-A93D-4923-AA31-77D5B9E2DD8E}.Debug|Win32.Build.0 = Debug|Win32
		{FB3982F2-A93D-4923-AA31-77D5B9E2DD8E}.Debug|x64.ActiveCfg = Debug|x64
		{FB3982F2-A93D-4923-AA31-77D5B9E2DD8E}.Debug|x64.Build.0 = Debug|x64
		{FB3982F2-A93D-4923-AA31-77D5B9E2DD8E}.Debug|x86.ActiveCfg = Debug|Win32
		{FB3982F2-A93D-4923-AA31-77D5B9E2DD8E}.Debug|x86.Build.0 = Debug|Win32
		{FB3982F2-A93D-4923-AA31-77D5B9E2DD8E}.Release|Any CPU.ActiveCfg = Release|Win32
		{FB3982F2-A93D-4923-AA31-77D5B9E2DD8E}.Release|Win32.ActiveCfg = Release|Win32
		{FB3982F2-A93D-4923-AA31-77D5B9E2DD8E}.Release|Win32.Build.0 = Release|Win32
		{FB3982F2-A93D-4923-AA31-77D5B9E2DD8E}.Release|x64.ActiveCfg = Release|x64
		{FB3982F2-A93D-4923-AA31-77D5B9E2DD8E}.Release|x64.Build.0 = Release|x64
		{FB3982F2-A93D-4923-AA31-77D5B9E2DD8E}.Release|x86.ActiveCfg = Release|Win32
		{FB3982F2-A93D-4923-AA31-77D5B9E2DD8E}.Release|x86.Build.0 = Release|Win32
		{64CFB94D-E856-4A46-A96B-E098AF768592}.Debug|Any CPU.ActiveCfg = Debug|Win32
		{64CFB94D-E856-4A46-A96B-E098AF768592}.Debug|Win32.ActiveCfg = Debug|Win32
		{64CFB94D-E856-4A46-A96B-E098AF768592}.Debug|Win32.Build.0 = Debug|Win32
		{64CFB94D-E856-4A46-A96B-E098AF768592}.Debug|x64.ActiveCfg = Debug|x64
		{64CFB94D-E856-4A46-A96B-E098AF768592}.Debug|x64.Build.0 = Debug|x64
		{64CFB94D-E856-4A46-A96B-E098AF768592}.Debug|x86.ActiveCfg = Debug|Win32
		{64CFB94D-E856-4A46-A96B-E098AF768592}.Debug|x86.Build.0 = Debug|Win32
		{64CFB94D-E856-4A46-A96B-E098AF768592}.Release|Any CPU.ActiveCfg = Release|Win32
		{64CFB94D-E856-4A46-A96B-E098AF768592}.Release|Win32.ActiveCfg = Release|Win32
		{64CFB94D-E856-4A46-A96B-E098AF768592}.Release|Win32.Build.0 = Release|Win32
		{64CFB94D-E856-4A46-A96B-E098AF768592}.Release|x64.ActiveCfg = Release|x64
		{64CFB94D-E856-4A46-A96B-E098AF768592}.Release|x64.Build.0 = Release|x64
		{64CFB94D-E856-4A46-A96B-E098AF768592}.Release|x86.ActiveCfg = Release|Win32
		{64CFB94D-E856-4A46-A96B-E098AF768592}.Release|x86.Build.0 = Release|Win32
		{206C723D-B33C-48F2-AE1C-C50203810B44}.Debug|Any CPU.ActiveCfg = Debug
		{206C723D-B33C-48F2-AE1C-C50203810B44}.Debug|Win32.ActiveCfg = Debug
		{206C723D-B33C-48F2-AE1C-C50203810B44}.Debug|x64.ActiveCfg = Debug
		{206C723D-B33C-48F2-AE1C-C50203810B44}.Debug|x86.ActiveCfg = Debug
		{206C723D-B33C-48F2-AE1C-C50203810B44}.Release|Any CPU.ActiveCfg = Release
		{206C723D-B33C-48F2-AE1C-C50203810B44}.Release|Win32.ActiveCfg = Release
		{206C723D-B33C-48F2-AE1C-C50203810B44}.Release|x64.ActiveCfg = Release
		{206C723D-B33C-48F2-AE1C-C50203810B44}.Release|x86.ActiveCfg = Release
		{F323FE04-9C54-4489-AA19-26A59EEAD07A}.Debug|Any CPU.ActiveCfg = Debug|Any CPU
		{F323FE04-9C54-4489-AA19-26A59EEAD07A}.Debug|Any CPU.Build.0 = Debug|Any CPU
		{F323FE04-9C54-4489-AA19-26A59EEAD07A}.Debug|Win32.ActiveCfg = Debug|Any CPU
		{F323FE04-9C54-4489-AA19-26A59EEAD07A}.Debug|Win32.Build.0 = Debug|Any CPU
		{F323FE04-9C54-4489-AA19-26A59EEAD07A}.Debug|x64.ActiveCfg = Debug|Any CPU
		{F323FE04-9C54-4489-AA19-26A59EEAD07A}.Debug|x64.Build.0 = Debug|Any CPU
		{F323FE04-9C54-4489-AA19-26A59EEAD07A}.Debug|x86.ActiveCfg = Debug|Any CPU
		{F323FE04-9C54-4489-AA19-26A59EEAD07A}.Debug|x86.Build.0 = Debug|Any CPU
		{F323FE04-9C54-4489-AA19-26A59EEAD07A}.Release|Any CPU.ActiveCfg = Release|Any CPU
		{F323FE04-9C54-4489-AA19-26A59EEAD07A}.Release|Any CPU.Build.0 = Release|Any CPU
		{F323FE04-9C54-4489-AA19-26A59EEAD07A}.Release|Win32.ActiveCfg = Release|Any CPU
		{F323FE04-9C54-4489-AA19-26A59EEAD07A}.Release|Win32.Build.0 = Release|Any CPU
		{F323FE04-9C54-4489-AA19-26A59EEAD07A}.Release|x64.ActiveCfg = Release|Any CPU
		{F323FE04-9C54-4489-AA19-26A59EEAD07A}.Release|x64.Build.0 = Release|Any CPU
		{F323FE04-9C54-4489-AA19-26A59EEAD07A}.Release|x86.ActiveCfg = Release|Any CPU
		{F323FE04-9C54-4489-AA19-26A59EEAD07A}.Release|x86.Build.0 = Release|Any CPU
		{1A3B0AE7-9CAE-43E6-BCB8-532FEEB2C42D}.Debug|Any CPU.ActiveCfg = Debug|Any CPU
		{1A3B0AE7-9CAE-43E6-BCB8-532FEEB2C42D}.Debug|Any CPU.Build.0 = Debug|Any CPU
		{1A3B0AE7-9CAE-43E6-BCB8-532FEEB2C42D}.Debug|Win32.ActiveCfg = Debug|Any CPU
		{1A3B0AE7-9CAE-43E6-BCB8-532FEEB2C42D}.Debug|Win32.Build.0 = Debug|Any CPU
		{1A3B0AE7-9CAE-43E6-BCB8-532FEEB2C42D}.Debug|x64.ActiveCfg = Debug|Any CPU
		{1A3B0AE7-9CAE-43E6-BCB8-532FEEB2C42D}.Debug|x64.Build.0 = Debug|Any CPU
		{1A3B0AE7-9CAE-43E6-BCB8-532FEEB2C42D}.Debug|x86.ActiveCfg = Debug|Any CPU
		{1A3B0AE7-9CAE-43E6-BCB8-532FEEB2C42D}.Debug|x86.Build.0 = Debug|Any CPU
		{1A3B0AE7-9CAE-43E6-BCB8-532FEEB2C42D}.Release|Any CPU.ActiveCfg = Release|Any CPU
		{1A3B0AE7-9CAE-43E6-BCB8-532FEEB2C42D}.Release|Any CPU.Build.0 = Release|Any CPU
		{1A3B0AE7-9CAE-43E6-BCB8-532FEEB2C42D}.Release|Win32.ActiveCfg = Release|Any CPU
		{1A3B0AE7-9CAE-43E6-BCB8-532FEEB2C42D}.Release|Win32.Build.0 = Release|Any CPU
		{1A3B0AE7-9CAE-43E6-BCB8-532FEEB2C42D}.Release|x64.ActiveCfg = Release|Any CPU
		{1A3B0AE7-9CAE-43E6-BCB8-532FEEB2C42D}.Release|x64.Build.0 = Release|Any CPU
		{1A3B0AE7-9CAE-43E6-BCB8-532FEEB2C42D}.Release|x86.ActiveCfg = Release|Any CPU
		{1A3B0AE7-9CAE-43E6-BCB8-532FEEB2C42D}.Release|x86.Build.0 = Release|Any CPU
		{CA817875-B824-432F-95A9-99A36DBD672D}.Debug|Any CPU.ActiveCfg = Debug|Win32
		{CA817875-B824-432F-95A9-99A36DBD672D}.Debug|Win32.ActiveCfg = Debug|Win32
		{CA817875-B824-432F-95A9-99A36DBD672D}.Debug|Win32.Build.0 = Debug|Win32
		{CA817875-B824-432F-95A9-99A36DBD672D}.Debug|x64.ActiveCfg = Debug|x64
		{CA817875-B824-432F-95A9-99A36DBD672D}.Debug|x64.Build.0 = Debug|x64
		{CA817875-B824-432F-95A9-99A36DBD672D}.Debug|x86.ActiveCfg = Debug|Win32
		{CA817875-B824-432F-95A9-99A36DBD672D}.Debug|x86.Build.0 = Debug|Win32
		{CA817875-B824-432F-95A9-99A36DBD672D}.Release|Any CPU.ActiveCfg = Release|Win32
		{CA817875-B824-432F-95A9-99A36DBD672D}.Release|Win32.ActiveCfg = Release|Win32
		{CA817875-B824-432F-95A9-99A36DBD672D}.Release|Win32.Build.0 = Release|Win32
		{CA817875-B824-432F-95A9-99A36DBD672D}.Release|x64.ActiveCfg = Release|x64
		{CA817875-B824-432F-95A9-99A36DBD672D}.Release|x64.Build.0 = Release|x64
		{CA817875-B824-432F-95A9-99A36DBD672D}.Release|x86.ActiveCfg = Release|Win32
		{CA817875-B824-432F-95A9-99A36DBD672D}.Release|x86.Build.0 = Release|Win32
	EndGlobalSection
	GlobalSection(SolutionProperties) = preSolution
		HideSolutionNode = FALSE
	EndGlobalSection
	GlobalSection(NestedProjects) = preSolution
		{C2BE0CCA-6B76-4C9C-9068-7F23AF4FF403} = {24A4CD09-A1D8-4F7B-B8F5-8C8832CCDEFB}
		{9A5F08EF-A263-4C22-B2F6-10E021AD2A17} = {24A4CD09-A1D8-4F7B-B8F5-8C8832CCDEFB}
		{DDC49942-ACEC-4D80-A790-9D3630134351} = {DF3C13F6-4E9C-43DC-82FE-62521F5ACEBD}
		{E55485CE-5E07-4A19-B5DC-FE8570BC303F} = {937ACC39-47AE-4F11-9D77-8FC80362AB85}
		{3A42F0E1-0C4A-403F-BDCA-5222000058B5} = {DF3C13F6-4E9C-43DC-82FE-62521F5ACEBD}
		{FB3982F2-A93D-4923-AA31-77D5B9E2DD8E} = {937ACC39-47AE-4F11-9D77-8FC80362AB85}
		{64CFB94D-E856-4A46-A96B-E098AF768592} = {937ACC39-47AE-4F11-9D77-8FC80362AB85}
		{F323FE04-9C54-4489-AA19-26A59EEAD07A} = {52BDB144-2D74-4178-AECD-2620A351B90C}
		{1A3B0AE7-9CAE-43E6-BCB8-532FEEB2C42D} = {52BDB144-2D74-4178-AECD-2620A351B90C}
		{CA817875-B824-432F-95A9-99A36DBD672D} = {DF3C13F6-4E9C-43DC-82FE-62521F5ACEBD}
	EndGlobalSection
EndGlobal
